
Microsoft Visual Studio Solution File, Format Version 12.00
Project("{FAE04EC0-301F-11D3-BF4B-00C04F79EFBC}") = "LibraryManager.API", "LibraryManager.API\LibraryManager.API.csproj", "{3FF08E56-BFA8-40EB-A455-DEAAD50EFC38}"
EndProject
Project("{FAE04EC0-301F-11D3-BF4B-00C04F79EFBC}") = "LibraryManager.Core", "LibraryManager.Core\LibraryManager.Core.csproj", "{6215E744-A308-4B4A-8ACB-5BBCA5752FBA}"
EndProject
Project("{FAE04EC0-301F-11D3-BF4B-00C04F79EFBC}") = "LibraryManager.Application", "LibraryManager.Application\LibraryManager.Application.csproj", "{5FA3B730-24E7-44EB-9D62-F998C1588FE7}"
EndProject
Project("{FAE04EC0-301F-11D3-BF4B-00C04F79EFBC}") = "LibraryManager.Infrastructure", "LibraryManager.Infrastructure\LibraryManager.Infrastructure.csproj", "{192A6B1E-9B25-4856-B6CE-FD565453646F}"
EndProject
Global
	GlobalSection(SolutionConfigurationPlatforms) = preSolution
		Debug|Any CPU = Debug|Any CPU
		Release|Any CPU = Release|Any CPU
	EndGlobalSection
	GlobalSection(ProjectConfigurationPlatforms) = postSolution
		{3FF08E56-BFA8-40EB-A455-DEAAD50EFC38}.Debug|Any CPU.ActiveCfg = Debug|Any CPU
		{3FF08E56-BFA8-40EB-A455-DEAAD50EFC38}.Debug|Any CPU.Build.0 = Debug|Any CPU
		{3FF08E56-BFA8-40EB-A455-DEAAD50EFC38}.Release|Any CPU.ActiveCfg = Release|Any CPU
		{3FF08E56-BFA8-40EB-A455-DEAAD50EFC38}.Release|Any CPU.Build.0 = Release|Any CPU
		{6215E744-A308-4B4A-8ACB-5BBCA5752FBA}.Debug|Any CPU.ActiveCfg = Debug|Any CPU
		{6215E744-A308-4B4A-8ACB-5BBCA5752FBA}.Debug|Any CPU.Build.0 = Debug|Any CPU
		{6215E744-A308-4B4A-8ACB-5BBCA5752FBA}.Release|Any CPU.ActiveCfg = Release|Any CPU
		{6215E744-A308-4B4A-8ACB-5BBCA5752FBA}.Release|Any CPU.Build.0 = Release|Any CPU
		{5FA3B730-24E7-44EB-9D62-F998C1588FE7}.Debug|Any CPU.ActiveCfg = Debug|Any CPU
		{5FA3B730-24E7-44EB-9D62-F998C1588FE7}.Debug|Any CPU.Build.0 = Debug|Any CPU
		{5FA3B730-24E7-44EB-9D62-F998C1588FE7}.Release|Any CPU.ActiveCfg = Release|Any CPU
		{5FA3B730-24E7-44EB-9D62-F998C1588FE7}.Release|Any CPU.Build.0 = Release|Any CPU
		{192A6B1E-9B25-4856-B6CE-FD565453646F}.Debug|Any CPU.ActiveCfg = Debug|Any CPU
		{192A6B1E-9B25-4856-B6CE-FD565453646F}.Debug|Any CPU.Build.0 = Debug|Any CPU
		{192A6B1E-9B25-4856-B6CE-FD565453646F}.Release|Any CPU.ActiveCfg = Release|Any CPU
		{192A6B1E-9B25-4856-B6CE-FD565453646F}.Release|Any CPU.Build.0 = Release|Any CPU
	EndGlobalSection
EndGlobal
